
Microsoft Visual Studio Solution File, Format Version 12.00
# Visual Studio Version 16
VisualStudioVersion = 16.0.31410.357
MinimumVisualStudioVersion = 10.0.40219.1
Project("{9A19103F-16F7-4668-BE54-9A1E7A4F7556}") = "BrokerService", "BrokerService.csproj", "{98C6EA0B-159C-4C09-8F03-51B35FC37D71}"
EndProject
Global
	GlobalSection(SolutionConfigurationPlatforms) = preSolution
		Debug|Any CPU = Debug|Any CPU
		Release|Any CPU = Release|Any CPU
	EndGlobalSection
	GlobalSection(ProjectConfigurationPlatforms) = postSolution
		{98C6EA0B-159C-4C09-8F03-51B35FC37D71}.Debug|Any CPU.ActiveCfg = Debug|Any CPU
		{98C6EA0B-159C-4C09-8F03-51B35FC37D71}.Debug|Any CPU.Build.0 = Debug|Any CPU
		{98C6EA0B-159C-4C09-8F03-51B35FC37D71}.Release|Any CPU.ActiveCfg = Release|Any CPU
		{98C6EA0B-159C-4C09-8F03-51B35FC37D71}.Release|Any CPU.Build.0 = Release|Any CPU
	EndGlobalSection
	GlobalSection(SolutionProperties) = preSolution
		HideSolutionNode = FALSE
	EndGlobalSection
	GlobalSection(ExtensibilityGlobals) = postSolution
		SolutionGuid = {F860F45C-A045-4B24-975E-FF464793F267}
	EndGlobalSection
EndGlobal
